github.com/SherClockHolmes/webpush-go v1.2.0 h1:sGv0/ZWCvb1HUH+izLqrb2i68HuqD/0Y+AmGQfyqKJA=
github.com/SherClockHolmes/webpush-go v1.2.0/go.mod h1:w6X47YApe/B9wUz2Wh8xukxlyupaxSSEbu6yKJcHN2w=
github.com/cheekybits/is v0.0.0-20150225183255-68e9c0620927/go.mod h1:h/aW8ynjgkuj+NQRlZcDbAbM1ORAbXjXX77sX7T289U=
github.com/djherbis/atime v1.1.0/go.mod h1:28OF6Y8s3NQWwacXc5eZTsEsiMzp7LF8MbXE+XJPdBE=
github.com/dustin/go-humanize v1.0.0/go.mod h1:HtrtbFcZ19U5GC7JDqmcUSB87Iq5E25KnS6fMYU6eOk=
github.com/fsnotify/fsnotify v1.5.4/go.mod h1:OVB6XrOHzAwXMpEM7uPOzcehqUV2UqJxmVXmkdnm1bU=
github.com/golang-jwt/jwt v3.2.2+incompatible h1:IfV12K8xAKAnZqdXVzCZ+TOjboZ2keLg81eXfW3O+oY=
github.com/golang-jwt/jwt v3.2.2+incompatible/go.mod h1:8pz2t5EyA70fFQQSrl6XZXzqecmYZeUEB8OUGHkxJ+I=
github.com/gopherjs/gopherjs v0.0.0-20181017120253-0766667cb4d1/go.mod h1:wJfORRmW1u3UXTncJ5qlYoELFm8eSnnEO6hX4iZ3EWY=
github.com/gopherjs/gopherjs v0.0.0-20200217142428-fce0ec30dd00 h1:l5lAOZEym3oK3SQ2HBHWsJUfbNBiTXJDeW2QDxw9AQ0=
github.com/gopherjs/gopherjs v0.0.0-20200217142428-fce0ec30dd00/go.mod h1:wJfORRmW1u3UXTncJ5qlYoELFm8eSnnEO6hX4iZ3EWY=
github.com/gorilla/mux v1.8.0 h1:i40aqfkR1h2SlN9hojwV5ZA91wcXFOvkdNIeFDP5koI=
github.com/gorilla/mux v1.8.0/go.mod h1:DVbg23sWSpFRCP0SfiEN6jmj59UnW/n46BH5rLB71So=
github.com/jtolds/gls v4.20.0+incompatible h1:xdiiI2gbIgH/gLH7ADydsJ1uDOEzR8yvV7C0MuV77Wo=
github.com/jtolds/gls v4.20.0+incompatible/go.mod h1:QJZ7F/aHp+rZTRtaJ1ow/lLfFfVYBRgL+9YlvaHOwJU=
github.com/matryer/try v0.0.0-20161228173917-9ac251b645a2/go.mod h1:0KeJpeMD6o+O4hW7qJOT7vyQPKrWmj26uf5wMc/IiIs=
github.com/nfnt/resize v0.0.0-20180221191011-83c6a9932646 h1:zYyBkD/k9seD2A7fsi6Oo2LfFZAehjjQMERAvZLEDnQ=
github.com/nfnt/resize v0.0.0-20180221191011-83c6a9932646/go.mod h1:jpp1/29i3P1S/RLdc7JQKbRpFeM1dOBd8T9ki5s+AY8=
github.com/pixiv/go-libjpeg v0.0.0-20190822045933-3da21a74767d h1:ls+7AYarUlUSetfnN/DKVNcK6W8mQWc6VblmOm4XwX0=
github.com/pixiv/go-libjpeg v0.0.0-20190822045933-3da21a74767d/go.mod h1:DO7ixpslN6XfbWzeNH9vkS5CF2FQUX81B85rYe9zDxU=
github.com/smartystreets/assertions v0.0.0-20180927180507-b2de0cb4f26d/go.mod h1:OnSkiWE9lh6wB0YB77sQom3nweQdgAjqCqsofrRNTgc=
github.com/smartystreets/assertions v1.2.0 h1:42S6lae5dvLc7BrLu/0ugRtcFVjoJNMC/N3yZFZkDFs=
github.com/smartystreets/assertions v1.2.0/go.mod h1:tcbTF8ujkAEcZ8TElKY+i30BzYlVhC/LOxJk7iOWnoo=
github.com/smartystreets/goconvey v1.6.4 h1:fv0U8FUIMPNf1L9lnHLvLhgicrIVChEkdzIKYqbNC9s=
github.com/smartystreets/goconvey v1.6.4/go.mod h1:syvi0/a8iFYH4r/RixwvyeAJjdLS9QV7WQ/tjFTllLA=
github.com/spf13/pflag v1.0.5/go.mod h1:McXfInJRrz4CZXVZOBLb0bTZqETkiAhM9Iw0y3An2Bg=
github.com/tdewolff/minify v2.3.6+incompatible h1:2hw5/9ZvxhWLvBUnHE06gElGYz+Jv9R4Eys0XUzItYo=
github.com/tdewolff/minify v2.3.6+incompatible/go.mod h1:9Ov578KJUmAWpS6NeZwRZyT56Uf6o3Mcz9CEsg8USYs=
github.com/tdewolff/minify/v2 v2.12.4 h1:kejsHQMM17n6/gwdw53qsi6lg0TGddZADVyQOz1KMdE=
github.com/tdewolff/minify/v2 v2.12.4/go.mod h1:h+SRvSIX3kwgwTFOpSckvSxgax3uy8kZTSF1Ojrr3bk=
github.com/tdewolff/parse v2.3.4+incompatible h1:x05/cnGwIMf4ceLuDMBOdQ1qGniMoxpP46ghf0Qzh38=
github.com/tdewolff/parse v2.3.4+incompatible/go.mod h1:8oBwCsVmUkgHO8M5iCzSIDtpzXOT0WXX9cWhz+bIzJQ=
github.com/tdewolff/parse/v2 v2.6.4 h1:KCkDvNUMof10e3QExio9OPZJT8SbdKojLBumw8YZycQ=
github.com/tdewolff/parse/v2 v2.6.4/go.mod h1:woz0cgbLwFdtbjJu8PIKxhW05KplTFQkOdX78o+Jgrs=
github.com/tdewolff/test v1.0.7/go.mod h1:6DAvZliBAAnD7rhVgwaM7DE5/d9NMOAJ09SqYqeK4QE=
github.com/withmandala/go-log v0.1.0 h1:wINmTEe7BQ6zEA8sE7lSsYeaxCLluK6RFjF/IB5tzkA=
github.com/withmandala/go-log v0.1.0/go.mod h1:/V9xQUTW74VjYm3u2Liv/bIUGLWoL9z2GlHwtscp4vg=
golang.org/x/crypto v0.0.0-20190131182504-b8fe1690c613/go.mod h1:6SG95UA2DQfeDnfUPMdvaQW0Q7yPrPDi9nlGo2tz2b4=
golang.org/x/crypto v0.0.0-20190308221718-c2843e01d9a2/go.mod h1:djNgcEr1/C05ACkg1iLfiJU5Ep61QUkGW8qpdssI0+w=
golang.org/x/crypto v0.0.0-20220722155217-630584e8d5aa h1:zuSxTR4o9y82ebqCUJYNGJbGPo6sKVl54f/TVDObg1c=
golang.org/x/crypto v0.0.0-20220722155217-630584e8d5aa/go.mod h1:IxCIyHEi3zRg3s0A5j5BB6A9Jmi73HwBIUl50j+osU4=
golang.org/x/net v0.0.0-20190311183353-d8887717615a/go.mod h1:t9HGtf8HONx5eT2rtn7q6eTqICYqUVnKs3thJo3Qplg=
golang.org/x/net v0.0.0-20211112202133-69e39bad7dc2/go.mod h1:9nx3DQGgdP8bBQD5qxJ1jj9UTztislL4KSBs9R2vV5Y=
golang.org/x/sys v0.0.0-20190215142949-d0b11bdaac8a/go.mod h1:STP8DvDyc/dI5b8T5hshtkjS+E42TnysNCUPdjciGhY=
golang.org/x/sys v0.0.0-20201119102817-f84b799fce68/go.mod h1:h1NjWce9XRLGQEsW7wpKNCjG9DtNlClVuFLEZdDNbEs=
golang.org/x/sys v0.0.0-20210423082822-04245dca01da/go.mod h1:h1NjWce9XRLGQEsW7wpKNCjG9DtNlClVuFLEZdDNbEs=
golang.org/x/sys v0.0.0-20210615035016-665e8c7367d1/go.mod h1:oPkhp1MJrh7nUepCBck5+mAzfO9JrbApNNgaTdGDITg=
golang.org/x/sys v0.0.0-20220412211240-33da011f77ad/go.mod h1:oPkhp1MJrh7nUepCBck5+mAzfO9JrbApNNgaTdGDITg=
golang.org/x/sys v0.0.0-20220728004956-3c1f35247d10 h1:WIoqL4EROvwiPdUtaip4VcDdpZ4kha7wBWZrbVKCIZg=
golang.org/x/sys v0.0.0-20220728004956-3c1f35247d10/go.mod h1:oPkhp1MJrh7nUepCBck5+mAzfO9JrbApNNgaTdGDITg=
golang.org/x/term v0.0.0-20201126162022-7de9c90e9dd1/go.mod h1:bj7SfCRtBDWHUb9snDiAeCFNEtKQo2Wmx5Cou7ajbmo=
golang.org/x/term v0.0.0-20220722155259-a9ba230a4035 h1:Q5284mrmYTpACcm+eAKjKJH48BBwSyfJqmmGDTtT8Vc=
golang.org/x/term v0.0.0-20220722155259-a9ba230a4035/go.mod h1:jbD1KX2456YbFQfuXm/mYQcufACuNUgVhRMnK/tPxf8=
golang.org/x/text v0.3.0/go.mod h1:NqM8EUOU14njkJ3fqMW+pc6Ldnwhi/IjpwHt7yyuwOQ=
golang.org/x/text v0.3.6/go.mod h1:5Zoc/QRtKVWzQhOtBMvqHzDpF6irO9z98xDceosuGiQ=
golang.org/x/tools v0.0.0-20180917221912-90fa682c2a6e/go.mod h1:n7NCudcB/nEzxVGmLbDWY5pfWTLqBcC2KZ6jyYvM4mQ=
golang.org/x/tools v0.0.0-20190328211700-ab21143f2384/go.mod h1:LCzVGOaR6xXOjkQ3onu1FJEFr0SW1gC7cKk1uF8kGRs=
